// !$*UTF8*$!
{
	archiveVersion = 1;
	classes = {
	};
	objectVersion = 50;
	objects = {

/* Begin PBXBuildFile section */
		F4B3B27822BD0E8D007C3655 /* AppDelegate.swift in Sources */ = {isa = PBXBuildFile; fileRef = F4B3B27722BD0E8D007C3655 /* AppDelegate.swift */; };
		F4B3B27A22BD0E8D007C3655 /* ViewController.swift in Sources */ = {isa = PBXBuildFile; fileRef = F4B3B27922BD0E8D007C3655 /* ViewController.swift */; };
		F4B3B27D22BD0E8D007C3655 /* Main.storyboard in Resources */ = {isa = PBXBuildFile; fileRef = F4B3B27B22BD0E8D007C3655 /* Main.storyboard */; };
		F4B3B27F22BD0E8F007C3655 /* Assets.xcassets in Resources */ = {isa = PBXBuildFile; fileRef = F4B3B27E22BD0E8F007C3655 /* Assets.xcassets */; };
		F4B3B28222BD0E8F007C3655 /* LaunchScreen.storyboard in Resources */ = {isa = PBXBuildFile; fileRef = F4B3B28022BD0E8F007C3655 /* LaunchScreen.storyboard */; };
		F4B3B28D22BD0E8F007C3655 /* FlickrImageGalleryTests.swift in Sources */ = {isa = PBXBuildFile; fileRef = F4B3B28C22BD0E8F007C3655 /* FlickrImageGalleryTests.swift */; };
		F4B3B2A322BD1212007C3655 /* APIClient.swift in Sources */ = {isa = PBXBuildFile; fileRef = F4B3B2A222BD1212007C3655 /* APIClient.swift */; };
		F4B3B2A522BD1247007C3655 /* APIManager.swift in Sources */ = {isa = PBXBuildFile; fileRef = F4B3B2A422BD1247007C3655 /* APIManager.swift */; };
		F4B3B2A722BD1266007C3655 /* APIConstants.swift in Sources */ = {isa = PBXBuildFile; fileRef = F4B3B2A622BD1266007C3655 /* APIConstants.swift */; };
		F4B3B2A922BD1297007C3655 /* APIRouter.swift in Sources */ = {isa = PBXBuildFile; fileRef = F4B3B2A822BD1297007C3655 /* APIRouter.swift */; };
		F4B3B2AB22BD1D23007C3655 /* FlikrFeedModel.swift in Sources */ = {isa = PBXBuildFile; fileRef = F4B3B2AA22BD1D23007C3655 /* FlikrFeedModel.swift */; };
		F4B3B2AF22BD2C25007C3655 /* FlickrListTableViewCell.swift in Sources */ = {isa = PBXBuildFile; fileRef = F4B3B2AD22BD2C25007C3655 /* FlickrListTableViewCell.swift */; };
		F4B3B2B022BD2C25007C3655 /* FlickrListTableViewCell.xib in Resources */ = {isa = PBXBuildFile; fileRef = F4B3B2AE22BD2C25007C3655 /* FlickrListTableViewCell.xib */; };
		F4B3B2B222BD2C40007C3655 /* FlickrViewModel.swift in Sources */ = {isa = PBXBuildFile; fileRef = F4B3B2B122BD2C40007C3655 /* FlickrViewModel.swift */; };
		F4B3B2B522BD2CF5007C3655 /* FlickrListDataSource.swift in Sources */ = {isa = PBXBuildFile; fileRef = F4B3B2B422BD2CF5007C3655 /* FlickrListDataSource.swift */; };
		F4B3B2B722BD2DC5007C3655 /* Constants.swift in Sources */ = {isa = PBXBuildFile; fileRef = F4B3B2B622BD2DC5007C3655 /* Constants.swift */; };
		F4B3B2B922BD2FF2007C3655 /* BaseViewController.swift in Sources */ = {isa = PBXBuildFile; fileRef = F4B3B2B822BD2FF2007C3655 /* BaseViewController.swift */; };
		F4B3B2BB22BD390F007C3655 /* ViewController+Extension.swift in Sources */ = {isa = PBXBuildFile; fileRef = F4B3B2BA22BD390F007C3655 /* ViewController+Extension.swift */; };
/* End PBXBuildFile section */

/* Begin PBXContainerItemProxy section */
		F4B3B28922BD0E8F007C3655 /* PBXContainerItemProxy */ = {
			isa = PBXContainerItemProxy;
			containerPortal = F4B3B26C22BD0E8D007C3655 /* Project object */;
			proxyType = 1;
			remoteGlobalIDString = F4B3B27322BD0E8D007C3655;
			remoteInfo = FlickrImageGallery;
		};
/* End PBXContainerItemProxy section */

/* Begin PBXFileReference section */
		F4B3B27422BD0E8D007C3655 /* FlickrImageGallery.app */ = {isa = PBXFileReference; explicitFileType = wrapper.application; includeInIndex = 0; path = FlickrImageGallery.app; sourceTree = BUILT_PRODUCTS_DIR; };
		F4B3B27722BD0E8D007C3655 /* AppDelegate.swift */ = {isa = PBXFileReference; lastKnownFileType = sourcecode.swift; path = AppDelegate.swift; sourceTree = "<group>"; };
		F4B3B27922BD0E8D007C3655 /* ViewController.swift */ = {isa = PBXFileReference; lastKnownFileType = sourcecode.swift; path = ViewController.swift; sourceTree = "<group>"; };
		F4B3B27C22BD0E8D007C3655 /* Base */ = {isa = PBXFileReference; lastKnownFileType = file.storyboard; name = Base; path = Base.lproj/Main.storyboard; sourceTree = "<group>"; };
		F4B3B27E22BD0E8F007C3655 /* Assets.xcassets */ = {isa = PBXFileReference; lastKnownFileType = folder.assetcatalog; path = Assets.xcassets; sourceTree = "<group>"; };
		F4B3B28122BD0E8F007C3655 /* Base */ = {isa = PBXFileReference; lastKnownFileType = file.storyboard; name = Base; path = Base.lproj/LaunchScreen.storyboard; sourceTree = "<group>"; };
		F4B3B28322BD0E8F007C3655 /* Info.plist */ = {isa = PBXFileReference; lastKnownFileType = text.plist.xml; path = Info.plist; sourceTree = "<group>"; };
		F4B3B28822BD0E8F007C3655 /* FlickrImageGalleryTests.xctest */ = {isa = PBXFileReference; explicitFileType = wrapper.cfbundle; includeInIndex = 0; path = FlickrImageGalleryTests.xctest; sourceTree = BUILT_PRODUCTS_DIR; };
		F4B3B28C22BD0E8F007C3655 /* FlickrImageGalleryTests.swift */ = {isa = PBXFileReference; lastKnownFileType = sourcecode.swift; path = FlickrImageGalleryTests.swift; sourceTree = "<group>"; };
		F4B3B28E22BD0E8F007C3655 /* Info.plist */ = {isa = PBXFileReference; lastKnownFileType = text.plist.xml; path = Info.plist; sourceTree = "<group>"; };
		F4B3B2A222BD1212007C3655 /* APIClient.swift */ = {isa = PBXFileReference; lastKnownFileType = sourcecode.swift; path = APIClient.swift; sourceTree = "<group>"; };
		F4B3B2A422BD1247007C3655 /* APIManager.swift */ = {isa = PBXFileReference; lastKnownFileType = sourcecode.swift; path = APIManager.swift; sourceTree = "<group>"; };
		F4B3B2A622BD1266007C3655 /* APIConstants.swift */ = {isa = PBXFileReference; lastKnownFileType = sourcecode.swift; path = APIConstants.swift; sourceTree = "<group>"; };
		F4B3B2A822BD1297007C3655 /* APIRouter.swift */ = {isa = PBXFileReference; lastKnownFileType = sourcecode.swift; path = APIRouter.swift; sourceTree = "<group>"; };
		F4B3B2AA22BD1D23007C3655 /* FlikrFeedModel.swift */ = {isa = PBXFileReference; lastKnownFileType = sourcecode.swift; path = FlikrFeedModel.swift; sourceTree = "<group>"; };
		F4B3B2AD22BD2C25007C3655 /* FlickrListTableViewCell.swift */ = {isa = PBXFileReference; lastKnownFileType = sourcecode.swift; path = FlickrListTableViewCell.swift; sourceTree = "<group>"; };
		F4B3B2AE22BD2C25007C3655 /* FlickrListTableViewCell.xib */ = {isa = PBXFileReference; lastKnownFileType = file.xib; path = FlickrListTableViewCell.xib; sourceTree = "<group>"; };
		F4B3B2B122BD2C40007C3655 /* FlickrViewModel.swift */ = {isa = PBXFileReference; lastKnownFileType = sourcecode.swift; path = FlickrViewModel.swift; sourceTree = "<group>"; };
		F4B3B2B422BD2CF5007C3655 /* FlickrListDataSource.swift */ = {isa = PBXFileReference; lastKnownFileType = sourcecode.swift; path = FlickrListDataSource.swift; sourceTree = "<group>"; };
		F4B3B2B622BD2DC5007C3655 /* Constants.swift */ = {isa = PBXFileReference; lastKnownFileType = sourcecode.swift; path = Constants.swift; sourceTree = "<group>"; };
		F4B3B2B822BD2FF2007C3655 /* BaseViewController.swift */ = {isa = PBXFileReference; lastKnownFileType = sourcecode.swift; path = BaseViewController.swift; sourceTree = "<group>"; };
		F4B3B2BA22BD390F007C3655 /* ViewController+Extension.swift */ = {isa = PBXFileReference; lastKnownFileType = sourcecode.swift; path = "ViewController+Extension.swift"; sourceTree = "<group>"; };
/* End PBXFileReference section */

/* Begin PBXFrameworksBuildPhase section */
		F4B3B27122BD0E8D007C3655 /* Frameworks */ = {
			isa = PBXFrameworksBuildPhase;
			buildActionMask = 2147483647;
			files = (
			);
			runOnlyForDeploymentPostprocessing = 0;
		};
		F4B3B28522BD0E8F007C3655 /* Frameworks */ = {
			isa = PBXFrameworksBuildPhase;
			buildActionMask = 2147483647;
			files = (
			);
			runOnlyForDeploymentPostprocessing = 0;
		};
/* End PBXFrameworksBuildPhase section */

/* Begin PBXGroup section */
		F4B3B26B22BD0E8D007C3655 = {
			isa = PBXGroup;
			children = (
				F4B3B27622BD0E8D007C3655 /* FlickrImageGallery */,
				F4B3B28B22BD0E8F007C3655 /* FlickrImageGalleryTests */,
				F4B3B27522BD0E8D007C3655 /* Products */,
			);
			sourceTree = "<group>";
		};
		F4B3B27522BD0E8D007C3655 /* Products */ = {
			isa = PBXGroup;
			children = (
				F4B3B27422BD0E8D007C3655 /* FlickrImageGallery.app */,
				F4B3B28822BD0E8F007C3655 /* FlickrImageGalleryTests.xctest */,
			);
			name = Products;
			sourceTree = "<group>";
		};
		F4B3B27622BD0E8D007C3655 /* FlickrImageGallery */ = {
			isa = PBXGroup;
			children = (
				F4B3B29722BD1055007C3655 /* Appdelegate */,
				F4B3B29822BD1065007C3655 /* Constants */,
				F4B3B29922BD106C007C3655 /* Extension */,
				F4B3B29A22BD1075007C3655 /* API */,
				F4B3B29F22BD10CE007C3655 /* Controllers */,
				F4B3B2B322BD2C47007C3655 /* DataSource */,
				F4B3B29B22BD1093007C3655 /* MVVM */,
				F4B3B2A022BD10D8007C3655 /* Interface */,
				F4B3B2A122BD10E6007C3655 /* SupportFiles */,
			);
			path = FlickrImageGallery;
			sourceTree = "<group>";
		};
		F4B3B28B22BD0E8F007C3655 /* FlickrImageGalleryTests */ = {
			isa = PBXGroup;
			children = (
				F4B3B28C22BD0E8F007C3655 /* FlickrImageGalleryTests.swift */,
				F4B3B28E22BD0E8F007C3655 /* Info.plist */,
			);
			path = FlickrImageGalleryTests;
			sourceTree = "<group>";
		};
		F4B3B29722BD1055007C3655 /* Appdelegate */ = {
			isa = PBXGroup;
			children = (
				F4B3B27722BD0E8D007C3655 /* AppDelegate.swift */,
			);
			path = Appdelegate;
			sourceTree = "<group>";
		};
		F4B3B29822BD1065007C3655 /* Constants */ = {
			isa = PBXGroup;
			children = (
				F4B3B2B622BD2DC5007C3655 /* Constants.swift */,
			);
			path = Constants;
			sourceTree = "<group>";
		};
		F4B3B29922BD106C007C3655 /* Extension */ = {
			isa = PBXGroup;
			children = (
				F4B3B2BA22BD390F007C3655 /* ViewController+Extension.swift */,
			);
			path = Extension;
			sourceTree = "<group>";
		};
		F4B3B29A22BD1075007C3655 /* API */ = {
			isa = PBXGroup;
			children = (
				F4B3B2A222BD1212007C3655 /* APIClient.swift */,
				F4B3B2A422BD1247007C3655 /* APIManager.swift */,
				F4B3B2A622BD1266007C3655 /* APIConstants.swift */,
				F4B3B2A822BD1297007C3655 /* APIRouter.swift */,
			);
			path = API;
			sourceTree = "<group>";
		};
		F4B3B29B22BD1093007C3655 /* MVVM */ = {
			isa = PBXGroup;
			children = (
				F4B3B29C22BD109C007C3655 /* Model */,
				F4B3B29D22BD10A4007C3655 /* View */,
				F4B3B29E22BD10AA007C3655 /* ViewModel */,
			);
			path = MVVM;
			sourceTree = "<group>";
		};
		F4B3B29C22BD109C007C3655 /* Model */ = {
			isa = PBXGroup;
			children = (
				F4B3B2AA22BD1D23007C3655 /* FlikrFeedModel.swift */,
			);
			path = Model;
			sourceTree = "<group>";
		};
		F4B3B29D22BD10A4007C3655 /* View */ = {
			isa = PBXGroup;
			children = (
				F4B3B2AC22BD2C06007C3655 /* TableViewCell */,
			);
			path = View;
			sourceTree = "<group>";
		};
		F4B3B29E22BD10AA007C3655 /* ViewModel */ = {
			isa = PBXGroup;
			children = (
				F4B3B2B122BD2C40007C3655 /* FlickrViewModel.swift */,
			);
			path = ViewModel;
			sourceTree = "<group>";
		};
		F4B3B29F22BD10CE007C3655 /* Controllers */ = {
			isa = PBXGroup;
			children = (
				F4B3B27922BD0E8D007C3655 /* ViewController.swift */,
				F4B3B2B822BD2FF2007C3655 /* BaseViewController.swift */,
			);
			path = Controllers;
			sourceTree = "<group>";
		};
		F4B3B2A022BD10D8007C3655 /* Interface */ = {
			isa = PBXGroup;
			children = (
				F4B3B27B22BD0E8D007C3655 /* Main.storyboard */,
				F4B3B28022BD0E8F007C3655 /* LaunchScreen.storyboard */,
			);
			path = Interface;
			sourceTree = "<group>";
		};
		F4B3B2A122BD10E6007C3655 /* SupportFiles */ = {
			isa = PBXGroup;
			children = (
				F4B3B27E22BD0E8F007C3655 /* Assets.xcassets */,
				F4B3B28322BD0E8F007C3655 /* Info.plist */,
			);
			path = SupportFiles;
			sourceTree = "<group>";
		};
		F4B3B2AC22BD2C06007C3655 /* TableViewCell */ = {
			isa = PBXGroup;
			children = (
				F4B3B2AD22BD2C25007C3655 /* FlickrListTableViewCell.swift */,
				F4B3B2AE22BD2C25007C3655 /* FlickrListTableViewCell.xib */,
			);
			path = TableViewCell;
			sourceTree = "<group>";
		};
		F4B3B2B322BD2C47007C3655 /* DataSource */ = {
			isa = PBXGroup;
			children = (
				F4B3B2B422BD2CF5007C3655 /* FlickrListDataSource.swift */,
			);
			path = DataSource;
			sourceTree = "<group>";
		};
/* End PBXGroup section */

/* Begin PBXNativeTarget section */
		F4B3B27322BD0E8D007C3655 /* FlickrImageGallery */ = {
			isa = PBXNativeTarget;
			buildConfigurationList = F4B3B29122BD0E8F007C3655 /* Build configuration list for PBXNativeTarget "FlickrImageGallery" */;
			buildPhases = (
				F4B3B27022BD0E8D007C3655 /* Sources */,
				F4B3B27122BD0E8D007C3655 /* Frameworks */,
				F4B3B27222BD0E8D007C3655 /* Resources */,
			);
			buildRules = (
			);
			dependencies = (
			);
			name = FlickrImageGallery;
			productName = FlickrImageGallery;
			productReference = F4B3B27422BD0E8D007C3655 /* FlickrImageGallery.app */;
			productType = "com.apple.product-type.application";
		};
		F4B3B28722BD0E8F007C3655 /* FlickrImageGalleryTests */ = {
			isa = PBXNativeTarget;
			buildConfigurationList = F4B3B29422BD0E8F007C3655 /* Build configuration list for PBXNativeTarget "FlickrImageGalleryTests" */;
			buildPhases = (
				F4B3B28422BD0E8F007C3655 /* Sources */,
				F4B3B28522BD0E8F007C3655 /* Frameworks */,
				F4B3B28622BD0E8F007C3655 /* Resources */,
			);
			buildRules = (
			);
			dependencies = (
				F4B3B28A22BD0E8F007C3655 /* PBXTargetDependency */,
			);
			name = FlickrImageGalleryTests;
			productName = FlickrImageGalleryTests;
			productReference = F4B3B28822BD0E8F007C3655 /* FlickrImageGalleryTests.xctest */;
			productType = "com.apple.product-type.bundle.unit-test";
		};
/* End PBXNativeTarget section */

/* Begin PBXProject section */
		F4B3B26C22BD0E8D007C3655 /* Project object */ = {
			isa = PBXProject;
			attributes = {
				LastSwiftUpdateCheck = 1020;
				LastUpgradeCheck = 1020;
				ORGANIZATIONNAME = "Arunprasat Selvaraj";
				TargetAttributes = {
					F4B3B27322BD0E8D007C3655 = {
						CreatedOnToolsVersion = 10.2.1;
					};
					F4B3B28722BD0E8F007C3655 = {
						CreatedOnToolsVersion = 10.2.1;
						TestTargetID = F4B3B27322BD0E8D007C3655;
					};
				};
			};
			buildConfigurationList = F4B3B26F22BD0E8D007C3655 /* Build configuration list for PBXProject "FlickrImageGallery" */;
			compatibilityVersion = "Xcode 9.3";
			developmentRegion = en;
			hasScannedForEncodings = 0;
			knownRegions = (
				en,
				Base,
			);
			mainGroup = F4B3B26B22BD0E8D007C3655;
			productRefGroup = F4B3B27522BD0E8D007C3655 /* Products */;
			projectDirPath = "";
			projectRoot = "";
			targets = (
				F4B3B27322BD0E8D007C3655 /* FlickrImageGallery */,
				F4B3B28722BD0E8F007C3655 /* FlickrImageGalleryTests */,
			);
		};
/* End PBXProject section */

/* Begin PBXResourcesBuildPhase section */
		F4B3B27222BD0E8D007C3655 /* Resources */ = {
			isa = PBXResourcesBuildPhase;
			buildActionMask = 2147483647;
			files = (
				F4B3B28222BD0E8F007C3655 /* LaunchScreen.storyboard in Resources */,
				F4B3B27F22BD0E8F007C3655 /* Assets.xcassets in Resources */,
				F4B3B2B022BD2C25007C3655 /* FlickrListTableViewCell.xib in Resources */,
				F4B3B27D22BD0E8D007C3655 /* Main.storyboard in Resources */,
			);
			runOnlyForDeploymentPostprocessing = 0;
		};
		F4B3B28622BD0E8F007C3655 /* Resources */ = {
			isa = PBXResourcesBuildPhase;
			buildActionMask = 2147483647;
			files = (
			);
			runOnlyForDeploymentPostprocessing = 0;
		};
/* End PBXResourcesBuildPhase section */

/* Begin PBXSourcesBuildPhase section */
		F4B3B27022BD0E8D007C3655 /* Sources */ = {
			isa = PBXSourcesBuildPhase;
			buildActionMask = 2147483647;
			files = (
				F4B3B27A22BD0E8D007C3655 /* ViewController.swift in Sources */,
				F4B3B2B722BD2DC5007C3655 /* Constants.swift in Sources */,
				F4B3B2B522BD2CF5007C3655 /* FlickrListDataSource.swift in Sources */,
				F4B3B2B222BD2C40007C3655 /* FlickrViewModel.swift in Sources */,
				F4B3B2A922BD1297007C3655 /* APIRouter.swift in Sources */,
				F4B3B2B922BD2FF2007C3655 /* BaseViewController.swift in Sources */,
				F4B3B2AF22BD2C25007C3655 /* FlickrListTableViewCell.swift in Sources */,
				F4B3B2A722BD1266007C3655 /* APIConstants.swift in Sources */,
				F4B3B2BB22BD390F007C3655 /* ViewController+Extension.swift in Sources */,
				F4B3B27822BD0E8D007C3655 /* AppDelegate.swift in Sources */,
				F4B3B2A322BD1212007C3655 /* APIClient.swift in Sources */,
				F4B3B2AB22BD1D23007C3655 /* FlikrFeedModel.swift in Sources */,
				F4B3B2A522BD1247007C3655 /* APIManager.swift in Sources */,
			);
			runOnlyForDeploymentPostprocessing = 0;
		};
		F4B3B28422BD0E8F007C3655 /* Sources */ = {
			isa = PBXSourcesBuildPhase;
			buildActionMask = 2147483647;
			files = (
				F4B3B28D22BD0E8F007C3655 /* FlickrImageGalleryTests.swift in Sources */,
			);
			runOnlyForDeploymentPostprocessing = 0;
		};
/* End PBXSourcesBuildPhase section */

/* Begin PBXTargetDependency section */
		F4B3B28A22BD0E8F007C3655 /* PBXTargetDependency */ = {
			isa = PBXTargetDependency;
			target = F4B3B27322BD0E8D007C3655 /* FlickrImageGallery */;
			targetProxy = F4B3B28922BD0E8F007C3655 /* PBXContainerItemProxy */;
		};
/* End PBXTargetDependency section */

/* Begin PBXVariantGroup section */
		F4B3B27B22BD0E8D007C3655 /* Main.storyboard */ = {
			isa = PBXVariantGroup;
			children = (
				F4B3B27C22BD0E8D007C3655 /* Base */,
			);
			name = Main.storyboard;
			sourceTree = "<group>";
		};
		F4B3B28022BD0E8F007C3655 /* LaunchScreen.storyboard */ = {
			isa = PBXVariantGroup;
			children = (
				F4B3B28122BD0E8F007C3655 /* Base */,
			);
			name = LaunchScreen.storyboard;
			sourceTree = "<group>";
		};
/* End PBXVariantGroup section */

/* Begin XCBuildConfiguration section */
		F4B3B28F22BD0E8F007C3655 /* Debug */ = {
			isa = XCBuildConfiguration;
			buildSettings = {
				ALWAYS_SEARCH_USER_PATHS = NO;
				CLANG_ANALYZER_NONNULL = YES;
				CLANG_ANALYZER_NUMBER_OBJECT_CONVERSION = YES_AGGRESSIVE;
				CLANG_CXX_LANGUAGE_STANDARD = "gnu++14";
				CLANG_CXX_LIBRARY = "libc++";
				CLANG_ENABLE_MODULES = YES;
				CLANG_ENABLE_OBJC_ARC = YES;
				CLANG_ENABLE_OBJC_WEAK = YES;
				CLANG_WARN_BLOCK_CAPTURE_AUTORELEASING = YES;
				CLANG_WARN_BOOL_CONVERSION = YES;
				CLANG_WARN_COMMA = YES;
				CLANG_WARN_CONSTANT_CONVERSION = YES;
				CLANG_WARN_DEPRECATED_OBJC_IMPLEMENTATIONS = YES;
				CLANG_WARN_DIRECT_OBJC_ISA_USAGE = YES_ERROR;
				CLANG_WARN_DOCUMENTATION_COMMENTS = YES;
				CLANG_WARN_EMPTY_BODY = YES;
				CLANG_WARN_ENUM_CONVERSION = YES;
				CLANG_WARN_INFINITE_RECURSION = YES;
				CLANG_WARN_INT_CONVERSION = YES;
				CLANG_WARN_NON_LITERAL_NULL_CONVERSION = YES;
				CLANG_WARN_OBJC_IMPLICIT_RETAIN_SELF = YES;
				CLANG_WARN_OBJC_LITERAL_CONVERSION = YES;
				CLANG_WARN_OBJC_ROOT_CLASS = YES_ERROR;
				CLANG_WARN_RANGE_LOOP_ANALYSIS = YES;
				CLANG_WARN_STRICT_PROTOTYPES = YES;
				CLANG_WARN_SUSPICIOUS_MOVE = YES;
				CLANG_WARN_UNGUARDED_AVAILABILITY = YES_AGGRESSIVE;
				CLANG_WARN_UNREACHABLE_CODE = YES;
				CLANG_WARN__DUPLICATE_METHOD_MATCH = YES;
				CODE_SIGN_IDENTITY = "iPhone Developer";
				COPY_PHASE_STRIP = NO;
				DEBUG_INFORMATION_FORMAT = dwarf;
				ENABLE_STRICT_OBJC_MSGSEND = YES;
				ENABLE_TESTABILITY = YES;
				GCC_C_LANGUAGE_STANDARD = gnu11;
				GCC_DYNAMIC_NO_PIC = NO;
				GCC_NO_COMMON_BLOCKS = YES;
				GCC_OPTIMIZATION_LEVEL = 0;
				GCC_PREPROCESSOR_DEFINITIONS = (
					"DEBUG=1",
					"$(inherited)",
				);
				GCC_WARN_64_TO_32_BIT_CONVERSION = YES;
				GCC_WARN_ABOUT_RETURN_TYPE = YES_ERROR;
				GCC_WARN_UNDECLARED_SELECTOR = YES;
				GCC_WARN_UNINITIALIZED_AUTOS = YES_AGGRESSIVE;
				GCC_WARN_UNUSED_FUNCTION = YES;
				GCC_WARN_UNUSED_VARIABLE = YES;
				IPHONEOS_DEPLOYMENT_TARGET = 12.2;
				MTL_ENABLE_DEBUG_INFO = INCLUDE_SOURCE;
				MTL_FAST_MATH = YES;
				ONLY_ACTIVE_ARCH = YES;
				SDKROOT = iphoneos;
				SWIFT_ACTIVE_COMPILATION_CONDITIONS = DEBUG;
				SWIFT_OPTIMIZATION_LEVEL = "-Onone";
			};
			name = Debug;
		};
		F4B3B29022BD0E8F007C3655 /* Release */ = {
			isa = XCBuildConfiguration;
			buildSettings = {
				ALWAYS_SEARCH_USER_PATHS = NO;
				CLANG_ANALYZER_NONNULL = YES;
				CLANG_ANALYZER_NUMBER_OBJECT_CONVERSION = YES_AGGRESSIVE;
				CLANG_CXX_LANGUAGE_STANDARD = "gnu++14";
				CLANG_CXX_LIBRARY = "libc++";
				CLANG_ENABLE_MODULES = YES;
				CLANG_ENABLE_OBJC_ARC = YES;
				CLANG_ENABLE_OBJC_WEAK = YES;
				CLANG_WARN_BLOCK_CAPTURE_AUTORELEASING = YES;
				CLANG_WARN_BOOL_CONVERSION = YES;
				CLANG_WARN_COMMA = YES;
				CLANG_WARN_CONSTANT_CONVERSION = YES;
				CLANG_WARN_DEPRECATED_OBJC_IMPLEMENTATIONS = YES;
				CLANG_WARN_DIRECT_OBJC_ISA_USAGE = YES_ERROR;
				CLANG_WARN_DOCUMENTATION_COMMENTS = YES;
				CLANG_WARN_EMPTY_BODY = YES;
				CLANG_WARN_ENUM_CONVERSION = YES;
				CLANG_WARN_INFINITE_RECURSION = YES;
				CLANG_WARN_INT_CONVERSION = YES;
				CLANG_WARN_NON_LITERAL_NULL_CONVERSION = YES;
				CLANG_WARN_OBJC_IMPLICIT_RETAIN_SELF = YES;
				CLANG_WARN_OBJC_LITERAL_CONVERSION = YES;
				CLANG_WARN_OBJC_ROOT_CLASS = YES_ERROR;
				CLANG_WARN_RANGE_LOOP_ANALYSIS = YES;
				CLANG_WARN_STRICT_PROTOTYPES = YES;
				CLANG_WARN_SUSPICIOUS_MOVE = YES;
				CLANG_WARN_UNGUARDED_AVAILABILITY = YES_AGGRESSIVE;
				CLANG_WARN_UNREACHABLE_CODE = YES;
				CLANG_WARN__DUPLICATE_METHOD_MATCH = YES;
				CODE_SIGN_IDENTITY = "iPhone Developer";
				COPY_PHASE_STRIP = NO;
				DEBUG_INFORMATION_FORMAT = "dwarf-with-dsym";
				ENABLE_NS_ASSERTIONS = NO;
				ENABLE_STRICT_OBJC_MSGSEND = YES;
				GCC_C_LANGUAGE_STANDARD = gnu11;
				GCC_NO_COMMON_BLOCKS = YES;
				GCC_WARN_64_TO_32_BIT_CONVERSION = YES;
				GCC_WARN_ABOUT_RETURN_TYPE = YES_ERROR;
				GCC_WARN_UNDECLARED_SELECTOR = YES;
				GCC_WARN_UNINITIALIZED_AUTOS = YES_AGGRESSIVE;
				GCC_WARN_UNUSED_FUNCTION = YES;
				GCC_WARN_UNUSED_VARIABLE = YES;
				IPHONEOS_DEPLOYMENT_TARGET = 12.2;
				MTL_ENABLE_DEBUG_INFO = NO;
				MTL_FAST_MATH = YES;
				SDKROOT = iphoneos;
				SWIFT_COMPILATION_MODE = wholemodule;
				SWIFT_OPTIMIZATION_LEVEL = "-O";
				VALIDATE_PRODUCT = YES;
			};
			name = Release;
		};
		F4B3B29222BD0E8F007C3655 /* Debug */ = {
			isa = XCBuildConfiguration;
			buildSettings = {
				ASSETCATALOG_COMPILER_APPICON_NAME = AppIcon;
				CODE_SIGN_STYLE = Automatic;
				DEVELOPMENT_TEAM = QZXD2F9AJ3;
				INFOPLIST_FILE = "$(SRCROOT)/FlickrImageGallery/SupportFiles/Info.plist";
				LD_RUNPATH_SEARCH_PATHS = (
					"$(inherited)",
					"@executable_path/Frameworks",
				);
				PRODUCT_BUNDLE_IDENTIFIER = Home.FlickrImageGallery;
				PRODUCT_NAME = "$(TARGET_NAME)";
				SWIFT_VERSION = 5.0;
				TARGETED_DEVICE_FAMILY = 1;
			};
			name = Debug;
		};
		F4B3B29322BD0E8F007C3655 /* Release */ = {
			isa = XCBuildConfiguration;
			buildSettings = {
				ASSETCATALOG_COMPILER_APPICON_NAME = AppIcon;
				CODE_SIGN_STYLE = Automatic;
				DEVELOPMENT_TEAM = QZXD2F9AJ3;
				INFOPLIST_FILE = "$(SRCROOT)/FlickrImageGallery/SupportFiles/Info.plist";
				LD_RUNPATH_SEARCH_PATHS = (
					"$(inherited)",
					"@executable_path/Frameworks",
				);
				PRODUCT_BUNDLE_IDENTIFIER = Home.FlickrImageGallery;
				PRODUCT_NAME = "$(TARGET_NAME)";
				SWIFT_VERSION = 5.0;
				TARGETED_DEVICE_FAMILY = 1;
			};
			name = Release;
		};
		F4B3B29522BD0E8F007C3655 /* Debug */ = {
			isa = XCBuildConfiguration;
			buildSettings = {
				ALWAYS_EMBED_SWIFT_STANDARD_LIBRARIES = YES;
				BUNDLE_LOADER = "$(TEST_HOST)";
				CODE_SIGN_STYLE = Automatic;
				DEVELOPMENT_TEAM = QZXD2F9AJ3;
				INFOPLIST_FILE = FlickrImageGalleryTests/Info.plist;
				LD_RUNPATH_SEARCH_PATHS = (
					"$(inherited)",
					"@executable_path/Frameworks",
					"@loader_path/Frameworks",
				);
				PRODUCT_BUNDLE_IDENTIFIER = Home.FlickrImageGalleryTests;
				PRODUCT_NAME = "$(TARGET_NAME)";
				SWIFT_VERSION = 5.0;
				TARGETED_DEVICE_FAMILY = "1,2";
				TEST_HOST = "$(BUILT_PRODUCTS_DIR)/FlickrImageGallery.app/FlickrImageGallery";
			};
			name = Debug;
		};
		F4B3B29622BD0E8F007C3655 /* Release */ = {
			isa = XCBuildConfiguration;
			buildSettings = {
				ALWAYS_EMBED_SWIFT_STANDARD_LIBRARIES = YES;
				BUNDLE_LOADER = "$(TEST_HOST)";
				CODE_SIGN_STYLE = Automatic;
				DEVELOPMENT_TEAM = QZXD2F9AJ3;
				INFOPLIST_FILE = FlickrImageGalleryTests/Info.plist;
				LD_RUNPATH_SEARCH_PATHS = (
					"$(inherited)",
					"@executable_path/Frameworks",
					"@loader_path/Frameworks",
				);
				PRODUCT_BUNDLE_IDENTIFIER = Home.FlickrImageGalleryTests;
				PRODUCT_NAME = "$(TARGET_NAME)";
				SWIFT_VERSION = 5.0;
				TARGETED_DEVICE_FAMILY = "1,2";
				TEST_HOST = "$(BUILT_PRODUCTS_DIR)/FlickrImageGallery.app/FlickrImageGallery";
			};
			name = Release;
		};
/* End XCBuildConfiguration section */

/* Begin XCConfigurationList section */
		F4B3B26F22BD0E8D007C3655 /* Build configuration list for PBXProject "FlickrImageGallery" */ = {
			isa = XCConfigurationList;
			buildConfigurations = (
				F4B3B28F22BD0E8F007C3655 /* Debug */,
				F4B3B29022BD0E8F007C3655 /* Release */,
			);
			defaultConfigurationIsVisible = 0;
			defaultConfigurationName = Release;
		};
		F4B3B29122BD0E8F007C3655 /* Build configuration list for PBXNativeTarget "FlickrImageGallery" */ = {
			isa = XCConfigurationList;
			buildConfigurations = (
				F4B3B29222BD0E8F007C3655 /* Debug */,
				F4B3B29322BD0E8F007C3655 /* Release */,
			);
			defaultConfigurationIsVisible = 0;
			defaultConfigurationName = Release;
		};
		F4B3B29422BD0E8F007C3655 /* Build configuration list for PBXNativeTarget "FlickrImageGalleryTests" */ = {
			isa = XCConfigurationList;
			buildConfigurations = (
				F4B3B29522BD0E8F007C3655 /* Debug */,
				F4B3B29622BD0E8F007C3655 /* Release */,
			);
			defaultConfigurationIsVisible = 0;
			defaultConfigurationName = Release;
		};
/* End XCConfigurationList section */
	};
	rootObject = F4B3B26C22BD0E8D007C3655 /* Project object */;
}
